
Microsoft Visual Studio Solution File, Format Version 12.00
# Visual Studio Version 17
VisualStudioVersion = 17.11.35327.3
MinimumVisualStudioVersion = 10.0.40219.1
Project("{FAE04EC0-301F-11D3-BF4B-00C04F79EFBC}") = "MauiAppJogoDaVelha", "MauiAppJogoDaVelha\MauiAppJogoDaVelha.csproj", "{645F1570-E603-43C3-8E87-3C719D70A8A4}"
EndProject
Global
	GlobalSection(SolutionConfigurationPlatforms) = preSolution
		Debug|Any CPU = Debug|Any CPU
		Release|Any CPU = Release|Any CPU
	EndGlobalSection
	GlobalSection(ProjectConfigurationPlatforms) = postSolution
		{645F1570-E603-43C3-8E87-3C719D70A8A4}.Debug|Any CPU.ActiveCfg = Debug|Any CPU
		{645F1570-E603-43C3-8E87-3C719D70A8A4}.Debug|Any CPU.Build.0 = Debug|Any CPU
		{645F1570-E603-43C3-8E87-3C719D70A8A4}.Debug|Any CPU.Deploy.0 = Debug|Any CPU
		{645F1570-E603-43C3-8E87-3C719D70A8A4}.Release|Any CPU.ActiveCfg = Release|Any CPU
		{645F1570-E603-43C3-8E87-3C719D70A8A4}.Release|Any CPU.Build.0 = Release|Any CPU
		{645F1570-E603-43C3-8E87-3C719D70A8A4}.Release|Any CPU.Deploy.0 = Release|Any CPU
	EndGlobalSection
	GlobalSection(SolutionProperties) = preSolution
		HideSolutionNode = FALSE
	EndGlobalSection
	GlobalSection(ExtensibilityGlobals) = postSolution
		SolutionGuid = {7D78CB69-A249-4003-ADA3-489C68CA7453}
	EndGlobalSection
EndGlobal
